
Microsoft Visual Studio Solution File, Format Version 12.00
# Visual Studio 15
VisualStudioVersion = 15.0.27428.2043
MinimumVisualStudioVersion = 10.0.40219.1
Project("{FAE04EC0-301F-11D3-BF4B-00C04F79EFBC}") = "JsonLoader", "JsonLoader\JsonLoader.csproj", "{BEE44FC1-EE4E-4871-A8CD-E28624D39973}"
EndProject
Project("{FAE04EC0-301F-11D3-BF4B-00C04F79EFBC}") = "InterpreterIntelligenceContactsWeb", "InterpreterIntelligenceContactsWeb\InterpreterIntelligenceContactsWeb.csproj", "{A59148BA-08B0-4026-A5DB-842E656D3D89}"
EndProject
Global
	GlobalSection(SolutionConfigurationPlatforms) = preSolution
		Debug|Any CPU = Debug|Any CPU
		Release|Any CPU = Release|Any CPU
	EndGlobalSection
	GlobalSection(ProjectConfigurationPlatforms) = postSolution
		{BEE44FC1-EE4E-4871-A8CD-E28624D39973}.Debug|Any CPU.ActiveCfg = Debug|Any CPU
		{BEE44FC1-EE4E-4871-A8CD-E28624D39973}.Debug|Any CPU.Build.0 = Debug|Any CPU
		{BEE44FC1-EE4E-4871-A8CD-E28624D39973}.Release|Any CPU.ActiveCfg = Release|Any CPU
		{BEE44FC1-EE4E-4871-A8CD-E28624D39973}.Release|Any CPU.Build.0 = Release|Any CPU
		{A59148BA-08B0-4026-A5DB-842E656D3D89}.Debug|Any CPU.ActiveCfg = Debug|Any CPU
		{A59148BA-08B0-4026-A5DB-842E656D3D89}.Debug|Any CPU.Build.0 = Debug|Any CPU
		{A59148BA-08B0-4026-A5DB-842E656D3D89}.Release|Any CPU.ActiveCfg = Release|Any CPU
		{A59148BA-08B0-4026-A5DB-842E656D3D89}.Release|Any CPU.Build.0 = Release|Any CPU
	EndGlobalSection
	GlobalSection(SolutionProperties) = preSolution
		HideSolutionNode = FALSE
	EndGlobalSection
	GlobalSection(ExtensibilityGlobals) = postSolution
		SolutionGuid = {182AA62A-11AF-42AA-AFB3-DCC50CEF6285}
	EndGlobalSection
EndGlobal
